
Microsoft Visual Studio Solution File, Format Version 12.00
# Visual Studio 14
VisualStudioVersion = 14.0.25420.1
MinimumVisualStudioVersion = 10.0.40219.1
Project("{FAE04EC0-301F-11D3-BF4B-00C04F79EFBC}") = "Groupware.AdventureWoks.Demo", "Groupware.AdventureWoks.Demo\Groupware.AdventureWoks.Demo.csproj", "{D64DBAB2-96D1-4976-A3B7-E46C3A3C6D5E}"
EndProject
Project("{FAE04EC0-301F-11D3-BF4B-00C04F79EFBC}") = "Groupware.AdventureWorks.Model", "Groupware.AdventureWorks.Model\Groupware.AdventureWorks.Model.csproj", "{4B6881E7-7D58-4C56-A9A4-FF24D40CC38C}"
EndProject
Global
	GlobalSection(SolutionConfigurationPlatforms) = preSolution
		Debug|Any CPU = Debug|Any CPU
		Release|Any CPU = Release|Any CPU
	EndGlobalSection
	GlobalSection(ProjectConfigurationPlatforms) = postSolution
		{D64DBAB2-96D1-4976-A3B7-E46C3A3C6D5E}.Debug|Any CPU.ActiveCfg = Debug|Any CPU
		{D64DBAB2-96D1-4976-A3B7-E46C3A3C6D5E}.Debug|Any CPU.Build.0 = Debug|Any CPU
		{D64DBAB2-96D1-4976-A3B7-E46C3A3C6D5E}.Release|Any CPU.ActiveCfg = Release|Any CPU
		{D64DBAB2-96D1-4976-A3B7-E46C3A3C6D5E}.Release|Any CPU.Build.0 = Release|Any CPU
		{4B6881E7-7D58-4C56-A9A4-FF24D40CC38C}.Debug|Any CPU.ActiveCfg = Debug|Any CPU
		{4B6881E7-7D58-4C56-A9A4-FF24D40CC38C}.Debug|Any CPU.Build.0 = Debug|Any CPU
		{4B6881E7-7D58-4C56-A9A4-FF24D40CC38C}.Release|Any CPU.ActiveCfg = Release|Any CPU
		{4B6881E7-7D58-4C56-A9A4-FF24D40CC38C}.Release|Any CPU.Build.0 = Release|Any CPU
	EndGlobalSection
	GlobalSection(SolutionProperties) = preSolution
		HideSolutionNode = FALSE
	EndGlobalSection
EndGlobal
